// !$*UTF8*$!
{
	archiveVersion = 1;
	classes = {
	};
	objectVersion = 48;
	objects = {

/* Begin PBXBuildFile section */
		902C73E8204BF3CB007B8B9D /* AppDelegate.swift in Sources */ = {isa = PBXBuildFile; fileRef = 902C73E7204BF3CB007B8B9D /* AppDelegate.swift */; };
		902C73EA204BF3CB007B8B9D /* ViewController.swift in Sources */ = {isa = PBXBuildFile; fileRef = 902C73E9204BF3CB007B8B9D /* ViewController.swift */; };
		902C73ED204BF3CB007B8B9D /* Main.storyboard in Resources */ = {isa = PBXBuildFile; fileRef = 902C73EB204BF3CB007B8B9D /* Main.storyboard */; };
		902C73EF204BF3CB007B8B9D /* Assets.xcassets in Resources */ = {isa = PBXBuildFile; fileRef = 902C73EE204BF3CB007B8B9D /* Assets.xcassets */; };
		902C73F2204BF3CB007B8B9D /* LaunchScreen.storyboard in Resources */ = {isa = PBXBuildFile; fileRef = 902C73F0204BF3CB007B8B9D /* LaunchScreen.storyboard */; };
		902C73FA204BF8D4007B8B9D /* FlowerClassifier.mlmodel in Sources */ = {isa = PBXBuildFile; fileRef = 902C73F9204BF8D4007B8B9D /* FlowerClassifier.mlmodel */; };
/* End PBXBuildFile section */

/* Begin PBXFileReference section */
		902C73E4204BF3CB007B8B9D /* NameThisFlower.app */ = {isa = PBXFileReference; explicitFileType = wrapper.application; includeInIndex = 0; path = NameThisFlower.app; sourceTree = BUILT_PRODUCTS_DIR; };
		902C73E7204BF3CB007B8B9D /* AppDelegate.swift */ = {isa = PBXFileReference; lastKnownFileType = sourcecode.swift; path = AppDelegate.swift; sourceTree = "<group>"; };
		902C73E9204BF3CB007B8B9D /* ViewController.swift */ = {isa = PBXFileReference; lastKnownFileType = sourcecode.swift; path = ViewController.swift; sourceTree = "<group>"; };
		902C73EC204BF3CB007B8B9D /* Base */ = {isa = PBXFileReference; lastKnownFileType = file.storyboard; name = Base; path = Base.lproj/Main.storyboard; sourceTree = "<group>"; };
		902C73EE204BF3CB007B8B9D /* Assets.xcassets */ = {isa = PBXFileReference; lastKnownFileType = folder.assetcatalog; path = Assets.xcassets; sourceTree = "<group>"; };
		902C73F1204BF3CB007B8B9D /* Base */ = {isa = PBXFileReference; lastKnownFileType = file.storyboard; name = Base; path = Base.lproj/LaunchScreen.storyboard; sourceTree = "<group>"; };
		902C73F3204BF3CB007B8B9D /* Info.plist */ = {isa = PBXFileReference; lastKnownFileType = text.plist.xml; path = Info.plist; sourceTree = "<group>"; };
		902C73F9204BF8D4007B8B9D /* FlowerClassifier.mlmodel */ = {isa = PBXFileReference; lastKnownFileType = file.mlmodel; path = FlowerClassifier.mlmodel; sourceTree = "<group>"; };
/* End PBXFileReference section */

/* Begin PBXFrameworksBuildPhase section */
		902C73E1204BF3CB007B8B9D /* Frameworks */ = {
			isa = PBXFrameworksBuildPhase;
			buildActionMask = 2147483647;
			files = (
			);
			runOnlyForDeploymentPostprocessing = 0;
		};
/* End PBXFrameworksBuildPhase section */

/* Begin PBXGroup section */
		902C73DB204BF3CB007B8B9D = {
			isa = PBXGroup;
			children = (
				902C73E6204BF3CB007B8B9D /* NameThisFlower */,
				902C73E5204BF3CB007B8B9D /* Products */,
			);
			sourceTree = "<group>";
		};
		902C73E5204BF3CB007B8B9D /* Products */ = {
			isa = PBXGroup;
			children = (
				902C73E4204BF3CB007B8B9D /* NameThisFlower.app */,
			);
			name = Products;
			sourceTree = "<group>";
		};
		902C73E6204BF3CB007B8B9D /* NameThisFlower */ = {
			isa = PBXGroup;
			children = (
				902C73E7204BF3CB007B8B9D /* AppDelegate.swift */,
				902C73E9204BF3CB007B8B9D /* ViewController.swift */,
				902C73EB204BF3CB007B8B9D /* Main.storyboard */,
				902C73EE204BF3CB007B8B9D /* Assets.xcassets */,
				902C73F0204BF3CB007B8B9D /* LaunchScreen.storyboard */,
				902C73F3204BF3CB007B8B9D /* Info.plist */,
				902C73F9204BF8D4007B8B9D /* FlowerClassifier.mlmodel */,
			);
			path = NameThisFlower;
			sourceTree = "<group>";
		};
/* End PBXGroup section */

/* Begin PBXNativeTarget section */
		902C73E3204BF3CB007B8B9D /* NameThisFlower */ = {
			isa = PBXNativeTarget;
			buildConfigurationList = 902C73F6204BF3CB007B8B9D /* Build configuration list for PBXNativeTarget "NameThisFlower" */;
			buildPhases = (
				902C73E0204BF3CB007B8B9D /* Sources */,
				902C73E1204BF3CB007B8B9D /* Frameworks */,
				902C73E2204BF3CB007B8B9D /* Resources */,
			);
			buildRules = (
			);
			dependencies = (
			);
			name = NameThisFlower;
			productName = NameThisFlower;
			productReference = 902C73E4204BF3CB007B8B9D /* NameThisFlower.app */;
			productType = "com.apple.product-type.application";
		};
/* End PBXNativeTarget section */

/* Begin PBXProject section */
		902C73DC204BF3CB007B8B9D /* Project object */ = {
			isa = PBXProject;
			attributes = {
				LastSwiftUpdateCheck = 0920;
				LastUpgradeCheck = 0920;
				ORGANIZATIONNAME = "Matan Dahan";
				TargetAttributes = {
					902C73E3204BF3CB007B8B9D = {
						CreatedOnToolsVersion = 9.2;
						ProvisioningStyle = Automatic;
					};
				};
			};
			buildConfigurationList = 902C73DF204BF3CB007B8B9D /* Build configuration list for PBXProject "NameThisFlower" */;
			compatibilityVersion = "Xcode 8.0";
			developmentRegion = en;
			hasScannedForEncodings = 0;
			knownRegions = (
				en,
				Base,
			);
			mainGroup = 902C73DB204BF3CB007B8B9D;
			productRefGroup = 902C73E5204BF3CB007B8B9D /* Products */;
			projectDirPath = "";
			projectRoot = "";
			targets = (
				902C73E3204BF3CB007B8B9D /* NameThisFlower */,
			);
		};
/* End PBXProject section */

/* Begin PBXResourcesBuildPhase section */
		902C73E2204BF3CB007B8B9D /* Resources */ = {
			isa = PBXResourcesBuildPhase;
			buildActionMask = 2147483647;
			files = (
				902C73F2204BF3CB007B8B9D /* LaunchScreen.storyboard in Resources */,
				902C73EF204BF3CB007B8B9D /* Assets.xcassets in Resources */,
				902C73ED204BF3CB007B8B9D /* Main.storyboard in Resources */,
			);
			runOnlyForDeploymentPostprocessing = 0;
		};
/* End PBXResourcesBuildPhase section */

/* Begin PBXSourcesBuildPhase section */
		902C73E0204BF3CB007B8B9D /* Sources */ = {
			isa = PBXSourcesBuildPhase;
			buildActionMask = 2147483647;
			files = (
				902C73FA204BF8D4007B8B9D /* FlowerClassifier.mlmodel in Sources */,
				902C73EA204BF3CB007B8B9D /* ViewController.swift in Sources */,
				902C73E8204BF3CB007B8B9D /* AppDelegate.swift in Sources */,
			);
			runOnlyForDeploymentPostprocessing = 0;
		};
/* End PBXSourcesBuildPhase section */

/* Begin PBXVariantGroup section */
		902C73EB204BF3CB007B8B9D /* Main.storyboard */ = {
			isa = PBXVariantGroup;
			children = (
				902C73EC204BF3CB007B8B9D /* Base */,
			);
			name = Main.storyboard;
			sourceTree = "<group>";
		};
		902C73F0204BF3CB007B8B9D /* LaunchScreen.storyboard */ = {
			isa = PBXVariantGroup;
			children = (
				902C73F1204BF3CB007B8B9D /* Base */,
			);
			name = LaunchScreen.storyboard;
			sourceTree = "<group>";
		};
/* End PBXVariantGroup section */

/* Begin XCBuildConfiguration section */
		902C73F4204BF3CB007B8B9D /* Debug */ = {
			isa = XCBuildConfiguration;
			buildSettings = {
				ALWAYS_SEARCH_USER_PATHS = NO;
				CLANG_ANALYZER_NONNULL = YES;
				CLANG_ANALYZER_NUMBER_OBJECT_CONVERSION = YES_AGGRESSIVE;
				CLANG_CXX_LANGUAGE_STANDARD = "gnu++14";
				CLANG_CXX_LIBRARY = "libc++";
				CLANG_ENABLE_MODULES = YES;
				CLANG_ENABLE_OBJC_ARC = YES;
				CLANG_WARN_BLOCK_CAPTURE_AUTORELEASING = YES;
				CLANG_WARN_BOOL_CONVERSION = YES;
				CLANG_WARN_COMMA = YES;
				CLANG_WARN_CONSTANT_CONVERSION = YES;
				CLANG_WARN_DIRECT_OBJC_ISA_USAGE = YES_ERROR;
				CLANG_WARN_DOCUMENTATION_COMMENTS = YES;
				CLANG_WARN_EMPTY_BODY = YES;
				CLANG_WARN_ENUM_CONVERSION = YES;
				CLANG_WARN_INFINITE_RECURSION = YES;
				CLANG_WARN_INT_CONVERSION = YES;
				CLANG_WARN_NON_LITERAL_NULL_CONVERSION = YES;
				CLANG_WARN_OBJC_LITERAL_CONVERSION = YES;
				CLANG_WARN_OBJC_ROOT_CLASS = YES_ERROR;
				CLANG_WARN_RANGE_LOOP_ANALYSIS = YES;
				CLANG_WARN_STRICT_PROTOTYPES = YES;
				CLANG_WARN_SUSPICIOUS_MOVE = YES;
				CLANG_WARN_UNGUARDED_AVAILABILITY = YES_AGGRESSIVE;
				CLANG_WARN_UNREACHABLE_CODE = YES;
				CLANG_WARN__DUPLICATE_METHOD_MATCH = YES;
				CODE_SIGN_IDENTITY = "iPhone Developer";
				COPY_PHASE_STRIP = NO;
				DEBUG_INFORMATION_FORMAT = dwarf;
				ENABLE_STRICT_OBJC_MSGSEND = YES;
				ENABLE_TESTABILITY = YES;
				GCC_C_LANGUAGE_STANDARD = gnu11;
				GCC_DYNAMIC_NO_PIC = NO;
				GCC_NO_COMMON_BLOCKS = YES;
				GCC_OPTIMIZATION_LEVEL = 0;
				GCC_PREPROCESSOR_DEFINITIONS = (
					"DEBUG=1",
					"$(inherited)",
				);
				GCC_WARN_64_TO_32_BIT_CONVERSION = YES;
				GCC_WARN_ABOUT_RETURN_TYPE = YES_ERROR;
				GCC_WARN_UNDECLARED_SELECTOR = YES;
				GCC_WARN_UNINITIALIZED_AUTOS = YES_AGGRESSIVE;
				GCC_WARN_UNUSED_FUNCTION = YES;
				GCC_WARN_UNUSED_VARIABLE = YES;
				IPHONEOS_DEPLOYMENT_TARGET = 11.2;
				MTL_ENABLE_DEBUG_INFO = YES;
				ONLY_ACTIVE_ARCH = YES;
				SDKROOT = iphoneos;
				SWIFT_ACTIVE_COMPILATION_CONDITIONS = DEBUG;
				SWIFT_OPTIMIZATION_LEVEL = "-Onone";
			};
			name = Debug;
		};
		902C73F5204BF3CB007B8B9D /* Release */ = {
			isa = XCBuildConfiguration;
			buildSettings = {
				ALWAYS_SEARCH_USER_PATHS = NO;
				CLANG_ANALYZER_NONNULL = YES;
				CLANG_ANALYZER_NUMBER_OBJECT_CONVERSION = YES_AGGRESSIVE;
				CLANG_CXX_LANGUAGE_STANDARD = "gnu++14";
				CLANG_CXX_LIBRARY = "libc++";
				CLANG_ENABLE_MODULES = YES;
				CLANG_ENABLE_OBJC_ARC = YES;
				CLANG_WARN_BLOCK_CAPTURE_AUTORELEASING = YES;
				CLANG_WARN_BOOL_CONVERSION = YES;
				CLANG_WARN_COMMA = YES;
				CLANG_WARN_CONSTANT_CONVERSION = YES;
				CLANG_WARN_DIRECT_OBJC_ISA_USAGE = YES_ERROR;
				CLANG_WARN_DOCUMENTATION_COMMENTS = YES;
				CLANG_WARN_EMPTY_BODY = YES;
				CLANG_WARN_ENUM_CONVERSION = YES;
				CLANG_WARN_INFINITE_RECURSION = YES;
				CLANG_WARN_INT_CONVERSION = YES;
				CLANG_WARN_NON_LITERAL_NULL_CONVERSION = YES;
				CLANG_WARN_OBJC_LITERAL_CONVERSION = YES;
				CLANG_WARN_OBJC_ROOT_CLASS = YES_ERROR;
				CLANG_WARN_RANGE_LOOP_ANALYSIS = YES;
				CLANG_WARN_STRICT_PROTOTYPES = YES;
				CLANG_WARN_SUSPICIOUS_MOVE = YES;
				CLANG_WARN_UNGUARDED_AVAILABILITY = YES_AGGRESSIVE;
				CLANG_WARN_UNREACHABLE_CODE = YES;
				CLANG_WARN__DUPLICATE_METHOD_MATCH = YES;
				CODE_SIGN_IDENTITY = "iPhone Developer";
				COPY_PHASE_STRIP = NO;
				DEBUG_INFORMATION_FORMAT = "dwarf-with-dsym";
				ENABLE_NS_ASSERTIONS = NO;
				ENABLE_STRICT_OBJC_MSGSEND = YES;
				GCC_C_LANGUAGE_STANDARD = gnu11;
				GCC_NO_COMMON_BLOCKS = YES;
				GCC_WARN_64_TO_32_BIT_CONVERSION = YES;
				GCC_WARN_ABOUT_RETURN_TYPE = YES_ERROR;
				GCC_WARN_UNDECLARED_SELECTOR = YES;
				GCC_WARN_UNINITIALIZED_AUTOS = YES_AGGRESSIVE;
				GCC_WARN_UNUSED_FUNCTION = YES;
				GCC_WARN_UNUSED_VARIABLE = YES;
				IPHONEOS_DEPLOYMENT_TARGET = 11.2;
				MTL_ENABLE_DEBUG_INFO = NO;
				SDKROOT = iphoneos;
				SWIFT_OPTIMIZATION_LEVEL = "-Owholemodule";
				VALIDATE_PRODUCT = YES;
			};
			name = Release;
		};
		902C73F7204BF3CB007B8B9D /* Debug */ = {
			isa = XCBuildConfiguration;
			buildSettings = {
				ASSETCATALOG_COMPILER_APPICON_NAME = AppIcon;
				CODE_SIGN_STYLE = Automatic;
				INFOPLIST_FILE = NameThisFlower/Info.plist;
				LD_RUNPATH_SEARCH_PATHS = "$(inherited) @executable_path/Frameworks";
				PRODUCT_BUNDLE_IDENTIFIER = com.matandahan.NameThisFlower;
				PRODUCT_NAME = "$(TARGET_NAME)";
				SWIFT_VERSION = 4.0;
				TARGETED_DEVICE_FAMILY = "1,2";
			};
			name = Debug;
		};
		902C73F8204BF3CB007B8B9D /* Release */ = {
			isa = XCBuildConfiguration;
			buildSettings = {
				ASSETCATALOG_COMPILER_APPICON_NAME = AppIcon;
				CODE_SIGN_STYLE = Automatic;
				INFOPLIST_FILE = NameThisFlower/Info.plist;
				LD_RUNPATH_SEARCH_PATHS = "$(inherited) @executable_path/Frameworks";
				PRODUCT_BUNDLE_IDENTIFIER = com.matandahan.NameThisFlower;
				PRODUCT_NAME = "$(TARGET_NAME)";
				SWIFT_VERSION = 4.0;
				TARGETED_DEVICE_FAMILY = "1,2";
			};
			name = Release;
		};
/* End XCBuildConfiguration section */

/* Begin XCConfigurationList section */
		902C73DF204BF3CB007B8B9D /* Build configuration list for PBXProject "NameThisFlower" */ = {
			isa = XCConfigurationList;
			buildConfigurations = (
				902C73F4204BF3CB007B8B9D /* Debug */,
				902C73F5204BF3CB007B8B9D /* Release */,
			);
			defaultConfigurationIsVisible = 0;
			defaultConfigurationName = Release;
		};
		902C73F6204BF3CB007B8B9D /* Build configuration list for PBXNativeTarget "NameThisFlower" */ = {
			isa = XCConfigurationList;
			buildConfigurations = (
				902C73F7204BF3CB007B8B9D /* Debug */,
				902C73F8204BF3CB007B8B9D /* Release */,
			);
			defaultConfigurationIsVisible = 0;
			defaultConfigurationName = Release;
		};
/* End XCConfigurationList section */
	};
	rootObject = 902C73DC204BF3CB007B8B9D /* Project object */;
}
